version = 1
revision = 3
requires-python = ">=3.13"

[[package]]
name = "run-in-rhino"
version = "0.1.0"
source = { editable = "../run-in-rhino" }

[[package]]
name = "tack"
version = "0.1.0"
source = { editable = "." }
dependencies = [
    { name = "run-in-rhino" },
]

[package.metadata]
requires-dist = [{ name = "run-in-rhino", editable = "../run-in-rhino" }]
